
Microsoft Visual Studio Solution File, Format Version 12.00
# Visual Studio Version 17
VisualStudioVersion = 17.5.33414.496
MinimumVisualStudioVersion = 10.0.40219.1
Project("{9A19103F-16F7-4668-BE54-9A1E7A4F7556}") = "MinecraftESP", "MinecraftESP\MinecraftESP.csproj", "{2E67B193-D813-4BC1-BFED-AFDCCC5E1700}"
EndProject
Project("{9A19103F-16F7-4668-BE54-9A1E7A4F7556}") = "v19", "v19\v19.csproj", "{4AAF2A66-110B-4707-9D1C-B4D93E449357}"
EndProject
Project("{9A19103F-16F7-4668-BE54-9A1E7A4F7556}") = "Core", "Core\Core.csproj", "{C1B521BC-55EF-4169-B01E-FDADFB7E46D5}"
EndProject
Project("{9A19103F-16F7-4668-BE54-9A1E7A4F7556}") = "vCristalix", "vCristalix\vCristalix.csproj", "{28350A6B-A17C-4E24-8FC5-9D5D62AFE863}"
EndProject
Project("{9A19103F-16F7-4668-BE54-9A1E7A4F7556}") = "v1", "v1\v1.csproj", "{8D9AD7C7-5C53-483B-A02A-E5EF055F71AE}"
EndProject
Project("{9A19103F-16F7-4668-BE54-9A1E7A4F7556}") = "v115", "v115\v115.csproj", "{6674E105-A138-47AE-B7B1-B4C4BF7DE643}"
EndProject
Project("{2150E333-8FDC-42A3-9474-1A3956D46DE8}") = "Solution Items", "Solution Items", "{4540032A-444C-4ABE-B2F7-BA286405F949}"
	ProjectSection(SolutionItems) = preProject
		LICENSE.txt = LICENSE.txt
	EndProjectSection
EndProject
Global
	GlobalSection(SolutionConfigurationPlatforms) = preSolution
		Debug|Any CPU = Debug|Any CPU
		Debug|x64 = Debug|x64
		Debug|x86 = Debug|x86
		Release|Any CPU = Release|Any CPU
		Release|x64 = Release|x64
		Release|x86 = Release|x86
	EndGlobalSection
	GlobalSection(ProjectConfigurationPlatforms) = postSolution
		{2E67B193-D813-4BC1-BFED-AFDCCC5E1700}.Debug|Any CPU.ActiveCfg = Debug|Any CPU
		{2E67B193-D813-4BC1-BFED-AFDCCC5E1700}.Debug|Any CPU.Build.0 = Debug|Any CPU
		{2E67B193-D813-4BC1-BFED-AFDCCC5E1700}.Debug|x64.ActiveCfg = Debug|x64
		{2E67B193-D813-4BC1-BFED-AFDCCC5E1700}.Debug|x64.Build.0 = Debug|x64
		{2E67B193-D813-4BC1-BFED-AFDCCC5E1700}.Debug|x86.ActiveCfg = Debug|Any CPU
		{2E67B193-D813-4BC1-BFED-AFDCCC5E1700}.Debug|x86.Build.0 = Debug|Any CPU
		{2E67B193-D813-4BC1-BFED-AFDCCC5E1700}.Release|Any CPU.ActiveCfg = Release|Any CPU
		{2E67B193-D813-4BC1-BFED-AFDCCC5E1700}.Release|Any CPU.Build.0 = Release|Any CPU
		{2E67B193-D813-4BC1-BFED-AFDCCC5E1700}.Release|x64.ActiveCfg = Release|x64
		{2E67B193-D813-4BC1-BFED-AFDCCC5E1700}.Release|x64.Build.0 = Release|x64
		{2E67B193-D813-4BC1-BFED-AFDCCC5E1700}.Release|x86.ActiveCfg = Release|Any CPU
		{2E67B193-D813-4BC1-BFED-AFDCCC5E1700}.Release|x86.Build.0 = Release|Any CPU
		{4AAF2A66-110B-4707-9D1C-B4D93E449357}.Debug|Any CPU.ActiveCfg = Debug|Any CPU
		{4AAF2A66-110B-4707-9D1C-B4D93E449357}.Debug|Any CPU.Build.0 = Debug|Any CPU
		{4AAF2A66-110B-4707-9D1C-B4D93E449357}.Debug|x64.ActiveCfg = Debug|x64
		{4AAF2A66-110B-4707-9D1C-B4D93E449357}.Debug|x64.Build.0 = Debug|x64
		{4AAF2A66-110B-4707-9D1C-B4D93E449357}.Debug|x86.ActiveCfg = Debug|Any CPU
		{4AAF2A66-110B-4707-9D1C-B4D93E449357}.Debug|x86.Build.0 = Debug|Any CPU
		{4AAF2A66-110B-4707-9D1C-B4D93E449357}.Release|Any CPU.ActiveCfg = Release|Any CPU
		{4AAF2A66-110B-4707-9D1C-B4D93E449357}.Release|Any CPU.Build.0 = Release|Any CPU
		{4AAF2A66-110B-4707-9D1C-B4D93E449357}.Release|x64.ActiveCfg = Release|x64
		{4AAF2A66-110B-4707-9D1C-B4D93E449357}.Release|x64.Build.0 = Release|x64
		{4AAF2A66-110B-4707-9D1C-B4D93E449357}.Release|x86.ActiveCfg = Release|Any CPU
		{4AAF2A66-110B-4707-9D1C-B4D93E449357}.Release|x86.Build.0 = Release|Any CPU
		{C1B521BC-55EF-4169-B01E-FDADFB7E46D5}.Debug|Any CPU.ActiveCfg = Debug|Any CPU
		{C1B521BC-55EF-4169-B01E-FDADFB7E46D5}.Debug|Any CPU.Build.0 = Debug|Any CPU
		{C1B521BC-55EF-4169-B01E-FDADFB7E46D5}.Debug|x64.ActiveCfg = Debug|x64
		{C1B521BC-55EF-4169-B01E-FDADFB7E46D5}.Debug|x64.Build.0 = Debug|x64
		{C1B521BC-55EF-4169-B01E-FDADFB7E46D5}.Debug|x86.ActiveCfg = Debug|Any CPU
		{C1B521BC-55EF-4169-B01E-FDADFB7E46D5}.Debug|x86.Build.0 = Debug|Any CPU
		{C1B521BC-55EF-4169-B01E-FDADFB7E46D5}.Release|Any CPU.ActiveCfg = Release|Any CPU
		{C1B521BC-55EF-4169-B01E-FDADFB7E46D5}.Release|Any CPU.Build.0 = Release|Any CPU
		{C1B521BC-55EF-4169-B01E-FDADFB7E46D5}.Release|x64.ActiveCfg = Release|x64
		{C1B521BC-55EF-4169-B01E-FDADFB7E46D5}.Release|x64.Build.0 = Release|x64
		{C1B521BC-55EF-4169-B01E-FDADFB7E46D5}.Release|x86.ActiveCfg = Release|Any CPU
		{C1B521BC-55EF-4169-B01E-FDADFB7E46D5}.Release|x86.Build.0 = Release|Any CPU
		{28350A6B-A17C-4E24-8FC5-9D5D62AFE863}.Debug|Any CPU.ActiveCfg = Debug|Any CPU
		{28350A6B-A17C-4E24-8FC5-9D5D62AFE863}.Debug|Any CPU.Build.0 = Debug|Any CPU
		{28350A6B-A17C-4E24-8FC5-9D5D62AFE863}.Debug|x64.ActiveCfg = Debug|x64
		{28350A6B-A17C-4E24-8FC5-9D5D62AFE863}.Debug|x64.Build.0 = Debug|x64
		{28350A6B-A17C-4E24-8FC5-9D5D62AFE863}.Debug|x86.ActiveCfg = Debug|Any CPU
		{28350A6B-A17C-4E24-8FC5-9D5D62AFE863}.Debug|x86.Build.0 = Debug|Any CPU
		{28350A6B-A17C-4E24-8FC5-9D5D62AFE863}.Release|Any CPU.ActiveCfg = Release|Any CPU
		{28350A6B-A17C-4E24-8FC5-9D5D62AFE863}.Release|Any CPU.Build.0 = Release|Any CPU
		{28350A6B-A17C-4E24-8FC5-9D5D62AFE863}.Release|x64.ActiveCfg = Release|x64
		{28350A6B-A17C-4E24-8FC5-9D5D62AFE863}.Release|x64.Build.0 = Release|x64
		{28350A6B-A17C-4E24-8FC5-9D5D62AFE863}.Release|x86.ActiveCfg = Release|Any CPU
		{28350A6B-A17C-4E24-8FC5-9D5D62AFE863}.Release|x86.Build.0 = Release|Any CPU
		{8D9AD7C7-5C53-483B-A02A-E5EF055F71AE}.Debug|Any CPU.ActiveCfg = Debug|Any CPU
		{8D9AD7C7-5C53-483B-A02A-E5EF055F71AE}.Debug|Any CPU.Build.0 = Debug|Any CPU
		{8D9AD7C7-5C53-483B-A02A-E5EF055F71AE}.Debug|x64.ActiveCfg = Debug|x64
		{8D9AD7C7-5C53-483B-A02A-E5EF055F71AE}.Debug|x64.Build.0 = Debug|x64
		{8D9AD7C7-5C53-483B-A02A-E5EF055F71AE}.Debug|x86.ActiveCfg = Debug|Any CPU
		{8D9AD7C7-5C53-483B-A02A-E5EF055F71AE}.Debug|x86.Build.0 = Debug|Any CPU
		{8D9AD7C7-5C53-483B-A02A-E5EF055F71AE}.Release|Any CPU.ActiveCfg = Release|Any CPU
		{8D9AD7C7-5C53-483B-A02A-E5EF055F71AE}.Release|Any CPU.Build.0 = Release|Any CPU
		{8D9AD7C7-5C53-483B-A02A-E5EF055F71AE}.Release|x64.ActiveCfg = Release|x64
		{8D9AD7C7-5C53-483B-A02A-E5EF055F71AE}.Release|x64.Build.0 = Release|x64
		{8D9AD7C7-5C53-483B-A02A-E5EF055F71AE}.Release|x86.ActiveCfg = Release|Any CPU
		{8D9AD7C7-5C53-483B-A02A-E5EF055F71AE}.Release|x86.Build.0 = Release|Any CPU
		{6674E105-A138-47AE-B7B1-B4C4BF7DE643}.Debug|Any CPU.ActiveCfg = Debug|Any CPU
		{6674E105-A138-47AE-B7B1-B4C4BF7DE643}.Debug|Any CPU.Build.0 = Debug|Any CPU
		{6674E105-A138-47AE-B7B1-B4C4BF7DE643}.Debug|x64.ActiveCfg = Debug|x64
		{6674E105-A138-47AE-B7B1-B4C4BF7DE643}.Debug|x64.Build.0 = Debug|x64
		{6674E105-A138-47AE-B7B1-B4C4BF7DE643}.Debug|x86.ActiveCfg = Debug|Any CPU
		{6674E105-A138-47AE-B7B1-B4C4BF7DE643}.Debug|x86.Build.0 = Debug|Any CPU
		{6674E105-A138-47AE-B7B1-B4C4BF7DE643}.Release|Any CPU.ActiveCfg = Release|Any CPU
		{6674E105-A138-47AE-B7B1-B4C4BF7DE643}.Release|Any CPU.Build.0 = Release|Any CPU
		{6674E105-A138-47AE-B7B1-B4C4BF7DE643}.Release|x64.ActiveCfg = Release|x64
		{6674E105-A138-47AE-B7B1-B4C4BF7DE643}.Release|x64.Build.0 = Release|x64
		{6674E105-A138-47AE-B7B1-B4C4BF7DE643}.Release|x86.ActiveCfg = Release|Any CPU
		{6674E105-A138-47AE-B7B1-B4C4BF7DE643}.Release|x86.Build.0 = Release|Any CPU
	EndGlobalSection
	GlobalSection(SolutionProperties) = preSolution
		HideSolutionNode = FALSE
	EndGlobalSection
	GlobalSection(ExtensibilityGlobals) = postSolution
		SolutionGuid = {EB81CF99-10DB-4E79-84C6-A1B66B183EFA}
	EndGlobalSection
EndGlobal
